PODS:
  - HIScrollDisplayEventTracking (0.1.0)
  - Masonry (1.1.0)

DEPENDENCIES:
  - HIScrollDisplayEventTracking (from `../`)
  - Masonry

SPEC REPOS:
  https://github.com/CocoaPods/Specs.git:
    - Masonry

EXTERNAL SOURCES:
  HIScrollDisplayEventTracking:
    :path: "../"

SPEC CHECKSUMS:
  HIScrollDisplayEventTracking: b8e51e41105ed99cb90adebc0b80da7c4a4f8218
  Masonry: 678fab65091a9290e40e2832a55e7ab731aad201

PODFILE CHECKSUM: 79197c87e8dcbfbe541dab01106e700461b12d62

COCOAPODS: 1.5.0
